{
    "_readme": [
        "This file locks the dependencies of your project to a known state",
        "Read more about it at https://getcomposer.org/doc/01-basic-usage.md#installing-dependencies",
        "This file is @generated automatically"
    ],
    "content-hash": "8b7a32f493fa08809fa0dddc3660ae03",
    "packages": [
        {
            "name": "psr/log",
            "version": "1.1.4",
            "source": {
                "type": "git",
                "url": "https://github.com/php-fig/log.git",
                "reference": "d49695b909c3b7628b6289db5479a1c204601f11"
            },
            "dist": {
                "type": "zip",
                "url": "https://api.github.com/repos/php-fig/log/zipball/d49695b909c3b7628b6289db5479a1c204601f11",
                "reference": "d49695b909c3b7628b6289db5479a1c204601f11",
                "shasum": ""
            },
            "require": {
                "php": ">=5.3.0"
            },
            "type": "library",
            "extra": {
                "branch-alias": {
                    "dev-master": "1.1.x-dev"
                }
            },
            "autoload": {
                "psr-4": {
                    "Psr\\Log\\": "Psr/Log/"
                }
            },
            "notification-url": "https://packagist.org/downloads/",
            "license": [
                "MIT"
            ],
            "authors": [
                {
                    "name": "PHP-FIG",
                    "homepage": "https://www.php-fig.org/"
                }
            ],
            "description": "Common interface for logging libraries",
            "homepage": "https://github.com/php-fig/log",
            "keywords": [
                "log",
                "psr",
                "psr-3"
            ],
            "support": {
                "source": "https://github.com/php-fig/log/tree/1.1.4"
            },
            "time": "2021-05-03T11:20:27+00:00"
        },
        {
            "name": "skolodyazhnyy/butter-amqplib",
            "version": "dev-master",
            "source": {
                "type": "git",
                "url": "https://github.com/skolodyazhnyy/butter-amqplib.git",
                "reference": "ef890743c8f3fca4ceb027be26b8b55939d40e02"
            },
            "dist": {
                "type": "zip",
                "url": "https://api.github.com/repos/skolodyazhnyy/butter-amqplib/zipball/ef890743c8f3fca4ceb027be26b8b55939d40e02",
                "reference": "ef890743c8f3fca4ceb027be26b8b55939d40e02",
                "shasum": ""
            },
            "require": {
                "psr/log": "^1.0"
            },
            "require-dev": {
                "friendsofphp/php-cs-fixer": "^1.12",
                "phpunit/phpunit": "^5.5",
                "symfony/process": "^2.5|^3.0"
            },
            "default-branch": true,
            "type": "library",
            "autoload": {
                "psr-4": {
                    "ButterAMQP\\": "src"
                }
            },
            "notification-url": "https://packagist.org/downloads/",
            "license": [
                "MIT"
            ],
            "authors": [
                {
                    "name": "Sergey Kolodyazhnyy",
                    "email": "sergey.kolodyazhnyy@gmail.com"
                }
            ],
            "description": "Butter AMQP library for PHP, written purely in PHP",
            "homepage": "https://github.com/skolodyazhnyy/butter-amqplib",
            "keywords": [
                "AMQP",
                "AMQPLib"
            ],
            "support": {
                "issues": "https://github.com/skolodyazhnyy/butter-amqplib/issues",
                "source": "https://github.com/skolodyazhnyy/butter-amqplib/tree/master"
            },
            "time": "2018-06-14T19:22:45+00:00"
        }
    ],
    "packages-dev": [],
    "aliases": [],
    "minimum-stability": "stable",
    "stability-flags": {
        "skolodyazhnyy/butter-amqplib": 20
    },
    "prefer-stable": false,
    "prefer-lowest": false,
    "platform": [],
    "platform-dev": [],
    "plugin-api-version": "2.3.0"
}
